
Microsoft Visual Studio Solution File, Format Version 12.00
# Visual Studio Version 17
VisualStudioVersion = 17.11.35312.102
MinimumVisualStudioVersion = 10.0.40219.1
Project("{FAE04EC0-301F-11D3-BF4B-00C04F79EFBC}") = "AoC24", "AoC24.csproj", "{7690C168-EE6D-4F99-82D2-A6610C2EFDCB}"
EndProject
Global
	GlobalSection(SolutionConfigurationPlatforms) = preSolution
		Debug|Any CPU = Debug|Any CPU
		Release|Any CPU = Release|Any CPU
	EndGlobalSection
	GlobalSection(ProjectConfigurationPlatforms) = postSolution
		{7690C168-EE6D-4F99-82D2-A6610C2EFDCB}.Debug|Any CPU.ActiveCfg = Debug|Any CPU
		{7690C168-EE6D-4F99-82D2-A6610C2EFDCB}.Debug|Any CPU.Build.0 = Debug|Any CPU
		{7690C168-EE6D-4F99-82D2-A6610C2EFDCB}.Release|Any CPU.ActiveCfg = Release|Any CPU
		{7690C168-EE6D-4F99-82D2-A6610C2EFDCB}.Release|Any CPU.Build.0 = Release|Any CPU
	EndGlobalSection
	GlobalSection(SolutionProperties) = preSolution
		HideSolutionNode = FALSE
	EndGlobalSection
	GlobalSection(ExtensibilityGlobals) = postSolution
		SolutionGuid = {C1CE50A8-C07D-4CF4-8CBA-9263EC45BE10}
	EndGlobalSection
EndGlobal
